PODS:
  - PayCardsFlutter (0.0.2)

DEPENDENCIES:
  - PayCardsFlutter (from `/Users/saitbanazili/repos/PayCards_iOS`)

EXTERNAL SOURCES:
  PayCardsFlutter:
    :podspec: "/Users/saitbanazili/repos/PayCards_iOS"

SPEC CHECKSUMS:
  PayCardsFlutter: 17f9572d68b06b73193b4e7a7e2a36361a2979d1

PODFILE CHECKSUM: bacca17d9cb98a4078e8c079b4a20d74cf0060f2

COCOAPODS: 1.10.2
